
Microsoft Visual Studio Solution File, Format Version 12.00
# Visual Studio 15
VisualStudioVersion = 15.0.27004.2009
MinimumVisualStudioVersion = 10.0.40219.1
Project("{9A19103F-16F7-4668-BE54-9A1E7A4F7556}") = "Core", "Core\Core.csproj", "{AF5DC9F2-FFF2-442B-9B2A-4B935CE4E4F2}"
EndProject
Project("{9A19103F-16F7-4668-BE54-9A1E7A4F7556}") = "WinForms", "WinForms\WinForms.csproj", "{216FFA39-DBEB-4DE2-BC56-EB21185D14AC}"
EndProject
Project("{FAE04EC0-301F-11D3-BF4B-00C04F79EFBC}") = "WinForms.Test", "WinForms.Test\WinForms.Test.csproj", "{170612AA-F189-411B-B0A7-24EC0BB153D4}"
EndProject
Global
	GlobalSection(SolutionConfigurationPlatforms) = preSolution
		Debug|Any CPU = Debug|Any CPU
		Release|Any CPU = Release|Any CPU
	EndGlobalSection
	GlobalSection(ProjectConfigurationPlatforms) = postSolution
		{AF5DC9F2-FFF2-442B-9B2A-4B935CE4E4F2}.Debug|Any CPU.ActiveCfg = Debug|Any CPU
		{AF5DC9F2-FFF2-442B-9B2A-4B935CE4E4F2}.Debug|Any CPU.Build.0 = Debug|Any CPU
		{AF5DC9F2-FFF2-442B-9B2A-4B935CE4E4F2}.Release|Any CPU.ActiveCfg = Release|Any CPU
		{AF5DC9F2-FFF2-442B-9B2A-4B935CE4E4F2}.Release|Any CPU.Build.0 = Release|Any CPU
		{216FFA39-DBEB-4DE2-BC56-EB21185D14AC}.Debug|Any CPU.ActiveCfg = Debug|Any CPU
		{216FFA39-DBEB-4DE2-BC56-EB21185D14AC}.Debug|Any CPU.Build.0 = Debug|Any CPU
		{216FFA39-DBEB-4DE2-BC56-EB21185D14AC}.Release|Any CPU.ActiveCfg = Release|Any CPU
		{216FFA39-DBEB-4DE2-BC56-EB21185D14AC}.Release|Any CPU.Build.0 = Release|Any CPU
		{170612AA-F189-411B-B0A7-24EC0BB153D4}.Debug|Any CPU.ActiveCfg = Debug|Any CPU
		{170612AA-F189-411B-B0A7-24EC0BB153D4}.Debug|Any CPU.Build.0 = Debug|Any CPU
		{170612AA-F189-411B-B0A7-24EC0BB153D4}.Release|Any CPU.ActiveCfg = Release|Any CPU
		{170612AA-F189-411B-B0A7-24EC0BB153D4}.Release|Any CPU.Build.0 = Release|Any CPU
	EndGlobalSection
	GlobalSection(SolutionProperties) = preSolution
		HideSolutionNode = FALSE
	EndGlobalSection
	GlobalSection(ExtensibilityGlobals) = postSolution
		SolutionGuid = {9F42C783-2260-446E-955A-0845D42D3BF0}
	EndGlobalSection
EndGlobal
